
Microsoft Visual Studio Solution File, Format Version 12.00
# Visual Studio Version 17
VisualStudioVersion = 17.4.33205.214
MinimumVisualStudioVersion = 10.0.40219.1
Project("{FAE04EC0-301F-11D3-BF4B-00C04F79EFBC}") = "Resim_Üzerine_Yazı_Yazma_Uygulaması", "Resim_Üzerine_Yazı_Yazma_Uygulaması\Resim_Üzerine_Yazı_Yazma_Uygulaması.csproj", "{A700DB0B-582B-4AA8-BFC7-C1576465A68D}"
EndProject
Global
	GlobalSection(SolutionConfigurationPlatforms) = preSolution
		Debug|Any CPU = Debug|Any CPU
		Release|Any CPU = Release|Any CPU
	EndGlobalSection
	GlobalSection(ProjectConfigurationPlatforms) = postSolution
		{A700DB0B-582B-4AA8-BFC7-C1576465A68D}.Debug|Any CPU.ActiveCfg = Debug|Any CPU
		{A700DB0B-582B-4AA8-BFC7-C1576465A68D}.Debug|Any CPU.Build.0 = Debug|Any CPU
		{A700DB0B-582B-4AA8-BFC7-C1576465A68D}.Release|Any CPU.ActiveCfg = Release|Any CPU
		{A700DB0B-582B-4AA8-BFC7-C1576465A68D}.Release|Any CPU.Build.0 = Release|Any CPU
	EndGlobalSection
	GlobalSection(SolutionProperties) = preSolution
		HideSolutionNode = FALSE
	EndGlobalSection
	GlobalSection(ExtensibilityGlobals) = postSolution
		SolutionGuid = {57D0B35F-5E61-49A5-BB63-B5ABFC276965}
	EndGlobalSection
EndGlobal
